
Microsoft Visual Studio Solution File, Format Version 12.00
# Visual Studio Version 17
VisualStudioVersion = 17.6.33829.357
MinimumVisualStudioVersion = 10.0.40219.1
Project("{8BC9CEB8-8B4A-11D0-8D11-00A0C91BC942}") = "sjf", "sjf\sjf.vcxproj", "{6970B7B5-5D19-4EA0-973F-BBB0E5DB438C}"
EndProject
Project("{8BC9CEB8-8B4A-11D0-8D11-00A0C91BC942}") = "sjfsol", "sjfsol\sjfsol.vcxproj", "{AB0F782E-8D7F-4F84-BEC0-CF7B99ED9D7B}"
EndProject
Global
	GlobalSection(SolutionConfigurationPlatforms) = preSolution
		Debug|x64 = Debug|x64
		Debug|x86 = Debug|x86
		Release|x64 = Release|x64
		Release|x86 = Release|x86
	EndGlobalSection
	GlobalSection(ProjectConfigurationPlatforms) = postSolution
		{6970B7B5-5D19-4EA0-973F-BBB0E5DB438C}.Debug|x64.ActiveCfg = Debug|x64
		{6970B7B5-5D19-4EA0-973F-BBB0E5DB438C}.Debug|x64.Build.0 = Debug|x64
		{6970B7B5-5D19-4EA0-973F-BBB0E5DB438C}.Debug|x86.ActiveCfg = Debug|Win32
		{6970B7B5-5D19-4EA0-973F-BBB0E5DB438C}.Debug|x86.Build.0 = Debug|Win32
		{6970B7B5-5D19-4EA0-973F-BBB0E5DB438C}.Release|x64.ActiveCfg = Release|x64
		{6970B7B5-5D19-4EA0-973F-BBB0E5DB438C}.Release|x64.Build.0 = Release|x64
		{6970B7B5-5D19-4EA0-973F-BBB0E5DB438C}.Release|x86.ActiveCfg = Release|Win32
		{6970B7B5-5D19-4EA0-973F-BBB0E5DB438C}.Release|x86.Build.0 = Release|Win32
		{AB0F782E-8D7F-4F84-BEC0-CF7B99ED9D7B}.Debug|x64.ActiveCfg = Debug|x64
		{AB0F782E-8D7F-4F84-BEC0-CF7B99ED9D7B}.Debug|x64.Build.0 = Debug|x64
		{AB0F782E-8D7F-4F84-BEC0-CF7B99ED9D7B}.Debug|x86.ActiveCfg = Debug|Win32
		{AB0F782E-8D7F-4F84-BEC0-CF7B99ED9D7B}.Debug|x86.Build.0 = Debug|Win32
		{AB0F782E-8D7F-4F84-BEC0-CF7B99ED9D7B}.Release|x64.ActiveCfg = Release|x64
		{AB0F782E-8D7F-4F84-BEC0-CF7B99ED9D7B}.Release|x64.Build.0 = Release|x64
		{AB0F782E-8D7F-4F84-BEC0-CF7B99ED9D7B}.Release|x86.ActiveCfg = Release|Win32
		{AB0F782E-8D7F-4F84-BEC0-CF7B99ED9D7B}.Release|x86.Build.0 = Release|Win32
	EndGlobalSection
	GlobalSection(SolutionProperties) = preSolution
		HideSolutionNode = FALSE
	EndGlobalSection
	GlobalSection(ExtensibilityGlobals) = postSolution
		SolutionGuid = {596E158B-00AE-488F-B041-2F1209DC8B39}
	EndGlobalSection
EndGlobal
